
Microsoft Visual Studio Solution File, Format Version 12.00
# Visual Studio 15
VisualStudioVersion = 15.0.27130.0
MinimumVisualStudioVersion = 10.0.40219.1
Project("{FAE04EC0-301F-11D3-BF4B-00C04F79EFBC}") = "ExcelImportDemo", "ExcelImportDemo\ExcelImportDemo.csproj", "{2AF602B3-C168-4C6E-8D66-D172D0F78833}"
EndProject
Project("{FAE04EC0-301F-11D3-BF4B-00C04F79EFBC}") = "ExcelImportDemo.Model", "ExcelImportDemo.Model\ExcelImportDemo.Model.csproj", "{51616264-D462-450A-BA88-33189854AE41}"
EndProject
Project("{FAE04EC0-301F-11D3-BF4B-00C04F79EFBC}") = "ExcelImport", "ExcelImport\ExcelImport.csproj", "{297D1859-AC63-4CE7-850A-513D024F3194}"
EndProject
Global
	GlobalSection(SolutionConfigurationPlatforms) = preSolution
		Debug|Any CPU = Debug|Any CPU
		Release|Any CPU = Release|Any CPU
	EndGlobalSection
	GlobalSection(ProjectConfigurationPlatforms) = postSolution
		{2AF602B3-C168-4C6E-8D66-D172D0F78833}.Debug|Any CPU.ActiveCfg = Debug|Any CPU
		{2AF602B3-C168-4C6E-8D66-D172D0F78833}.Debug|Any CPU.Build.0 = Debug|Any CPU
		{2AF602B3-C168-4C6E-8D66-D172D0F78833}.Release|Any CPU.ActiveCfg = Release|Any CPU
		{2AF602B3-C168-4C6E-8D66-D172D0F78833}.Release|Any CPU.Build.0 = Release|Any CPU
		{51616264-D462-450A-BA88-33189854AE41}.Debug|Any CPU.ActiveCfg = Debug|Any CPU
		{51616264-D462-450A-BA88-33189854AE41}.Debug|Any CPU.Build.0 = Debug|Any CPU
		{51616264-D462-450A-BA88-33189854AE41}.Release|Any CPU.ActiveCfg = Release|Any CPU
		{51616264-D462-450A-BA88-33189854AE41}.Release|Any CPU.Build.0 = Release|Any CPU
		{297D1859-AC63-4CE7-850A-513D024F3194}.Debug|Any CPU.ActiveCfg = Debug|Any CPU
		{297D1859-AC63-4CE7-850A-513D024F3194}.Debug|Any CPU.Build.0 = Debug|Any CPU
		{297D1859-AC63-4CE7-850A-513D024F3194}.Release|Any CPU.ActiveCfg = Release|Any CPU
		{297D1859-AC63-4CE7-850A-513D024F3194}.Release|Any CPU.Build.0 = Release|Any CPU
	EndGlobalSection
	GlobalSection(SolutionProperties) = preSolution
		HideSolutionNode = FALSE
	EndGlobalSection
	GlobalSection(ExtensibilityGlobals) = postSolution
		SolutionGuid = {04FC60E7-4465-484F-8AB8-F5EA6ECE30E2}
	EndGlobalSection
EndGlobal
